# This file was autogenerated by Stack.
# You should not edit this file by hand.
# For more information, please see the documentation at:
#   https://docs.haskellstack.org/en/stable/lock_files

packages:
- completed:
    hackage: language-dot-0.1.1@sha256:83ad07ca5d45db82411e4346930b2e89503df54c6c47332ab3d34aa79180ae50,1479
    pantry-tree:
      size: 525
      sha256: 90edc1370306fdeda49f66b5aa103d241c1143339d53daf22b6ad9e810e01bb7
  original:
    hackage: language-dot-0.1.1
- completed:
    hackage: quickspec-2.1.5@sha256:1d1cc020fa9075cb5fafd4056fe1d930d5763b954fa8200e57ce6aba057544b2,3557
    pantry-tree:
      size: 3032
      sha256: 36e7cd88a0fe800a0b0ea216c0c3ea96db02e25fd34ef53653f6d5008730476c
  original:
    hackage: quickspec-2.1.5
- completed:
    hackage: twee-lib-2.2@sha256:9fe9327505d8f450a94f2fc9eea74b292901b7992d520aa1dd4f0410fbe0e594,2112
    pantry-tree:
      size: 1487
      sha256: 0356be78a4720251536932d2253f75eb1f97b26c61260e566b5e8e05642d5349
  original:
    hackage: twee-lib-2.2
- completed:
    name: equivalence
    version: 0.3.5
    git: https://github.com/jkoppel/equivalence.git
    pantry-tree:
      size: 650
      sha256: c72ef05800f3ba00f16b51bd7d90b994c6b98030f17f4a0755f10862ebb073ec
    commit: e58c9c0b369f9b8105744cc0342f2e69929b11bf
  original:
    git: https://github.com/jkoppel/equivalence.git
    commit: e58c9c0b369f9b8105744cc0342f2e69929b11bf
snapshots:
- completed:
    size: 587393
    url: https://raw.githubusercontent.com/commercialhaskell/stackage-snapshots/master/lts/18/25.yaml
    sha256: 1b74fb5e970497b5aefae56703f1bd44aa648bd1a5ef95c1eb8c29775087e2bf
  original: lts-18.25
