# This file was autogenerated by Stack.
# You should not edit this file by hand.
# For more information, please see the documentation at:
#   https://docs.haskellstack.org/en/stable/lock_files

packages:
- completed:
    hackage: language-dot-0.1.1@sha256:83ad07ca5d45db82411e4346930b2e89503df54c6c47332ab3d34aa79180ae50,1479
    pantry-tree:
      size: 525
      sha256: 90edc1370306fdeda49f66b5aa103d241c1143339d53daf22b6ad9e810e01bb7
  original:
    hackage: language-dot-0.1.1
- completed:
    name: equivalence
    version: 0.3.5
    git: https://github.com/jkoppel/equivalence.git
    pantry-tree:
      size: 650
      sha256: c72ef05800f3ba00f16b51bd7d90b994c6b98030f17f4a0755f10862ebb073ec
    commit: e58c9c0b369f9b8105744cc0342f2e69929b11bf
  original:
    git: https://github.com/jkoppel/equivalence.git
    commit: e58c9c0b369f9b8105744cc0342f2e69929b11bf
snapshots:
- completed:
    size: 587546
    url: https://raw.githubusercontent.com/commercialhaskell/stackage-snapshots/master/lts/18/10.yaml
    sha256: 88b4f81e162ba3adc230a9fcccc4d19ac116377656bab56c7382ca88598b257a
  original: lts-18.10
